// !$*UTF8*$!
{
	archiveVersion = 1;
	classes = {
	};
	objectVersion = 46;
	objects = {

/* Begin PBXBuildFile section */
		2ADF78BC4581641F26AEBEE2 /* Pods_ApiApplicationUITests.framework in Frameworks */ = {isa = PBXBuildFile; fileRef = 7A98FC46AC26E47D2166F3B3 /* Pods_ApiApplicationUITests.framework */; };
		373F6EC41D2643B7005A4915 /* AppDelegate.swift in Sources */ = {isa = PBXBuildFile; fileRef = 373F6EC31D2643B7005A4915 /* AppDelegate.swift */; };
		373F6EC61D2643B7005A4915 /* ViewController.swift in Sources */ = {isa = PBXBuildFile; fileRef = 373F6EC51D2643B7005A4915 /* ViewController.swift */; };
		373F6EC91D2643B8005A4915 /* Main.storyboard in Resources */ = {isa = PBXBuildFile; fileRef = 373F6EC71D2643B8005A4915 /* Main.storyboard */; };
		373F6ECB1D2643B9005A4915 /* Assets.xcassets in Resources */ = {isa = PBXBuildFile; fileRef = 373F6ECA1D2643B9005A4915 /* Assets.xcassets */; };
		373F6ECE1D2643B9005A4915 /* LaunchScreen.storyboard in Resources */ = {isa = PBXBuildFile; fileRef = 373F6ECC1D2643B9005A4915 /* LaunchScreen.storyboard */; };
		373F6ED91D2643BA005A4915 /* ApiApplicationTests.swift in Sources */ = {isa = PBXBuildFile; fileRef = 373F6ED81D2643BA005A4915 /* ApiApplicationTests.swift */; };
		373F6EE41D2643BB005A4915 /* ApiApplicationUITests.swift in Sources */ = {isa = PBXBuildFile; fileRef = 373F6EE31D2643BB005A4915 /* ApiApplicationUITests.swift */; };
		37751A241D2A8491008FF61C /* CustomCell.swift in Sources */ = {isa = PBXBuildFile; fileRef = 37751A231D2A8491008FF61C /* CustomCell.swift */; };
		37751A261D2A8A26008FF61C /* RootClass.swift in Sources */ = {isa = PBXBuildFile; fileRef = 37751A251D2A8A26008FF61C /* RootClass.swift */; };
		7172C0E2C9A1C69C1F14BDF5 /* Pods_ApiApplication.framework in Frameworks */ = {isa = PBXBuildFile; fileRef = 5DFEACF880F30B0AC6784701 /* Pods_ApiApplication.framework */; };
		8D5906EDCD54636869A3A08F /* Pods_ApiApplicationTests.framework in Frameworks */ = {isa = PBXBuildFile; fileRef = 3F3DEA1DFF888F06839764F8 /* Pods_ApiApplicationTests.framework */; };
/* End PBXBuildFile section */

/* Begin PBXContainerItemProxy section */
		373F6ED51D2643BA005A4915 /* PBXContainerItemProxy */ = {
			isa = PBXContainerItemProxy;
			containerPortal = 373F6EB81D2643B5005A4915 /* Project object */;
			proxyType = 1;
			remoteGlobalIDString = 373F6EBF1D2643B6005A4915;
			remoteInfo = ApiApplication;
		};
		373F6EE01D2643BA005A4915 /* PBXContainerItemProxy */ = {
			isa = PBXContainerItemProxy;
			containerPortal = 373F6EB81D2643B5005A4915 /* Project object */;
			proxyType = 1;
			remoteGlobalIDString = 373F6EBF1D2643B6005A4915;
			remoteInfo = ApiApplication;
		};
/* End PBXContainerItemProxy section */

/* Begin PBXFileReference section */
		33687C11C2A2E09359472830 /* Pods-ApiApplicationUITests.release.xcconfig */ = {isa = PBXFileReference; includeInIndex = 1; lastKnownFileType = text.xcconfig; name = "Pods-ApiApplicationUITests.release.xcconfig"; path = "Pods/Target Support Files/Pods-ApiApplicationUITests/Pods-ApiApplicationUITests.release.xcconfig"; sourceTree = "<group>"; };
		373F6EC01D2643B6005A4915 /* ApiApplication.app */ = {isa = PBXFileReference; explicitFileType = wrapper.application; includeInIndex = 0; path = ApiApplication.app; sourceTree = BUILT_PRODUCTS_DIR; };
		373F6EC31D2643B7005A4915 /* AppDelegate.swift */ = {isa = PBXFileReference; lastKnownFileType = sourcecode.swift; path = AppDelegate.swift; sourceTree = "<group>"; };
		373F6EC51D2643B7005A4915 /* ViewController.swift */ = {isa = PBXFileReference; lastKnownFileType = sourcecode.swift; path = ViewController.swift; sourceTree = "<group>"; };
		373F6EC81D2643B8005A4915 /* Base */ = {isa = PBXFileReference; lastKnownFileType = file.storyboard; name = Base; path = Base.lproj/Main.storyboard; sourceTree = "<group>"; };
		373F6ECA1D2643B9005A4915 /* Assets.xcassets */ = {isa = PBXFileReference; lastKnownFileType = folder.assetcatalog; path = Assets.xcassets; sourceTree = "<group>"; };
		373F6ECD1D2643B9005A4915 /* Base */ = {isa = PBXFileReference; lastKnownFileType = file.storyboard; name = Base; path = Base.lproj/LaunchScreen.storyboard; sourceTree = "<group>"; };
		373F6ECF1D2643B9005A4915 /* Info.plist */ = {isa = PBXFileReference; lastKnownFileType = text.plist.xml; path = Info.plist; sourceTree = "<group>"; };
		373F6ED41D2643BA005A4915 /* ApiApplicationTests.xctest */ = {isa = PBXFileReference; explicitFileType = wrapper.cfbundle; includeInIndex = 0; path = ApiApplicationTests.xctest; sourceTree = BUILT_PRODUCTS_DIR; };
		373F6ED81D2643BA005A4915 /* ApiApplicationTests.swift */ = {isa = PBXFileReference; lastKnownFileType = sourcecode.swift; path = ApiApplicationTests.swift; sourceTree = "<group>"; };
		373F6EDA1D2643BA005A4915 /* Info.plist */ = {isa = PBXFileReference; lastKnownFileType = text.plist.xml; path = Info.plist; sourceTree = "<group>"; };
		373F6EDF1D2643BA005A4915 /* ApiApplicationUITests.xctest */ = {isa = PBXFileReference; explicitFileType = wrapper.cfbundle; includeInIndex = 0; path = ApiApplicationUITests.xctest; sourceTree = BUILT_PRODUCTS_DIR; };
		373F6EE31D2643BB005A4915 /* ApiApplicationUITests.swift */ = {isa = PBXFileReference; lastKnownFileType = sourcecode.swift; path = ApiApplicationUITests.swift; sourceTree = "<group>"; };
		373F6EE51D2643BB005A4915 /* Info.plist */ = {isa = PBXFileReference; lastKnownFileType = text.plist.xml; path = Info.plist; sourceTree = "<group>"; };
		37751A231D2A8491008FF61C /* CustomCell.swift */ = {isa = PBXFileReference; fileEncoding = 4; lastKnownFileType = sourcecode.swift; path = CustomCell.swift; sourceTree = "<group>"; };
		37751A251D2A8A26008FF61C /* RootClass.swift */ = {isa = PBXFileReference; fileEncoding = 4; lastKnownFileType = sourcecode.swift; path = RootClass.swift; sourceTree = "<group>"; };
		3F3DEA1DFF888F06839764F8 /* Pods_ApiApplicationTests.framework */ = {isa = PBXFileReference; explicitFileType = wrapper.framework; includeInIndex = 0; path = Pods_ApiApplicationTests.framework; sourceTree = BUILT_PRODUCTS_DIR; };
		5DFEACF880F30B0AC6784701 /* Pods_ApiApplication.framework */ = {isa = PBXFileReference; explicitFileType = wrapper.framework; includeInIndex = 0; path = Pods_ApiApplication.framework; sourceTree = BUILT_PRODUCTS_DIR; };
		7A98FC46AC26E47D2166F3B3 /* Pods_ApiApplicationUITests.framework */ = {isa = PBXFileReference; explicitFileType = wrapper.framework; includeInIndex = 0; path = Pods_ApiApplicationUITests.framework; sourceTree = BUILT_PRODUCTS_DIR; };
		7E14CABD29FA105729879C01 /* Pods-ApiApplicationTests.release.xcconfig */ = {isa = PBXFileReference; includeInIndex = 1; lastKnownFileType = text.xcconfig; name = "Pods-ApiApplicationTests.release.xcconfig"; path = "Pods/Target Support Files/Pods-ApiApplicationTests/Pods-ApiApplicationTests.release.xcconfig"; sourceTree = "<group>"; };
		8C934FB0369E940B2DB51228 /* Pods-ApiApplication.debug.xcconfig */ = {isa = PBXFileReference; includeInIndex = 1; lastKnownFileType = text.xcconfig; name = "Pods-ApiApplication.debug.xcconfig"; path = "Pods/Target Support Files/Pods-ApiApplication/Pods-ApiApplication.debug.xcconfig"; sourceTree = "<group>"; };
		8D754170AF0932D6EDE95C04 /* Pods-ApiApplicationUITests.debug.xcconfig */ = {isa = PBXFileReference; includeInIndex = 1; lastKnownFileType = text.xcconfig; name = "Pods-ApiApplicationUITests.debug.xcconfig"; path = "Pods/Target Support Files/Pods-ApiApplicationUITests/Pods-ApiApplicationUITests.debug.xcconfig"; sourceTree = "<group>"; };
		AACAE821C795220B6D243C67 /* Pods-ApiApplication.release.xcconfig */ = {isa = PBXFileReference; includeInIndex = 1; lastKnownFileType = text.xcconfig; name = "Pods-ApiApplication.release.xcconfig"; path = "Pods/Target Support Files/Pods-ApiApplication/Pods-ApiApplication.release.xcconfig"; sourceTree = "<group>"; };
		F98376570540E6308D7DEE07 /* Pods-ApiApplicationTests.debug.xcconfig */ = {isa = PBXFileReference; includeInIndex = 1; lastKnownFileType = text.xcconfig; name = "Pods-ApiApplicationTests.debug.xcconfig"; path = "Pods/Target Support Files/Pods-ApiApplicationTests/Pods-ApiApplicationTests.debug.xcconfig"; sourceTree = "<group>"; };
/* End PBXFileReference section */

/* Begin PBXFrameworksBuildPhase section */
		373F6EBD1D2643B6005A4915 /* Frameworks */ = {
			isa = PBXFrameworksBuildPhase;
			buildActionMask = 2147483647;
			files = (
				7172C0E2C9A1C69C1F14BDF5 /* Pods_ApiApplication.framework in Frameworks */,
			);
			runOnlyForDeploymentPostprocessing = 0;
		};
		373F6ED11D2643BA005A4915 /* Frameworks */ = {
			isa = PBXFrameworksBuildPhase;
			buildActionMask = 2147483647;
			files = (
				8D5906EDCD54636869A3A08F /* Pods_ApiApplicationTests.framework in Frameworks */,
			);
			runOnlyForDeploymentPostprocessing = 0;
		};
		373F6EDC1D2643BA005A4915 /* Frameworks */ = {
			isa = PBXFrameworksBuildPhase;
			buildActionMask = 2147483647;
			files = (
				2ADF78BC4581641F26AEBEE2 /* Pods_ApiApplicationUITests.framework in Frameworks */,
			);
			runOnlyForDeploymentPostprocessing = 0;
		};
/* End PBXFrameworksBuildPhase section */

/* Begin PBXGroup section */
		373F6EB71D2643B5005A4915 = {
			isa = PBXGroup;
			children = (
				373F6EC21D2643B7005A4915 /* ApiApplication */,
				373F6ED71D2643BA005A4915 /* ApiApplicationTests */,
				373F6EE21D2643BA005A4915 /* ApiApplicationUITests */,
				373F6EC11D2643B6005A4915 /* Products */,
				ED5CF2B5763EB3ADD462261F /* Pods */,
				719296C880AD31D2EE252F8F /* Frameworks */,
			);
			sourceTree = "<group>";
		};
		373F6EC11D2643B6005A4915 /* Products */ = {
			isa = PBXGroup;
			children = (
				373F6EC01D2643B6005A4915 /* ApiApplication.app */,
				373F6ED41D2643BA005A4915 /* ApiApplicationTests.xctest */,
				373F6EDF1D2643BA005A4915 /* ApiApplicationUITests.xctest */,
			);
			name = Products;
			sourceTree = "<group>";
		};
		373F6EC21D2643B7005A4915 /* ApiApplication */ = {
			isa = PBXGroup;
			children = (
				373F6EC31D2643B7005A4915 /* AppDelegate.swift */,
				373F6EC51D2643B7005A4915 /* ViewController.swift */,
				37751A231D2A8491008FF61C /* CustomCell.swift */,
				37751A251D2A8A26008FF61C /* RootClass.swift */,
				373F6EC71D2643B8005A4915 /* Main.storyboard */,
				373F6ECA1D2643B9005A4915 /* Assets.xcassets */,
				373F6ECC1D2643B9005A4915 /* LaunchScreen.storyboard */,
				373F6ECF1D2643B9005A4915 /* Info.plist */,
			);
			path = ApiApplication;
			sourceTree = "<group>";
		};
		373F6ED71D2643BA005A4915 /* ApiApplicationTests */ = {
			isa = PBXGroup;
			children = (
				373F6ED81D2643BA005A4915 /* ApiApplicationTests.swift */,
				373F6EDA1D2643BA005A4915 /* Info.plist */,
			);
			path = ApiApplicationTests;
			sourceTree = "<group>";
		};
		373F6EE21D2643BA005A4915 /* ApiApplicationUITests */ = {
			isa = PBXGroup;
			children = (
				373F6EE31D2643BB005A4915 /* ApiApplicationUITests.swift */,
				373F6EE51D2643BB005A4915 /* Info.plist */,
			);
			path = ApiApplicationUITests;
			sourceTree = "<group>";
		};
		719296C880AD31D2EE252F8F /* Frameworks */ = {
			isa = PBXGroup;
			children = (
				5DFEACF880F30B0AC6784701 /* Pods_ApiApplication.framework */,
				3F3DEA1DFF888F06839764F8 /* Pods_ApiApplicationTests.framework */,
				7A98FC46AC26E47D2166F3B3 /* Pods_ApiApplicationUITests.framework */,
			);
			name = Frameworks;
			sourceTree = "<group>";
		};
		ED5CF2B5763EB3ADD462261F /* Pods */ = {
			isa = PBXGroup;
			children = (
				8C934FB0369E940B2DB51228 /* Pods-ApiApplication.debug.xcconfig */,
				AACAE821C795220B6D243C67 /* Pods-ApiApplication.release.xcconfig */,
				F98376570540E6308D7DEE07 /* Pods-ApiApplicationTests.debug.xcconfig */,
				7E14CABD29FA105729879C01 /* Pods-ApiApplicationTests.release.xcconfig */,
				8D754170AF0932D6EDE95C04 /* Pods-ApiApplicationUITests.debug.xcconfig */,
				33687C11C2A2E09359472830 /* Pods-ApiApplicationUITests.release.xcconfig */,
			);
			name = Pods;
			sourceTree = "<group>";
		};
/* End PBXGroup section */

/* Begin PBXNativeTarget section */
		373F6EBF1D2643B6005A4915 /* ApiApplication */ = {
			isa = PBXNativeTarget;
			buildConfigurationList = 373F6EE81D2643BB005A4915 /* Build configuration list for PBXNativeTarget "ApiApplication" */;
			buildPhases = (
				41F23087BAE24C841368987F /* [CP] Check Pods Manifest.lock */,
				373F6EBC1D2643B6005A4915 /* Sources */,
				373F6EBD1D2643B6005A4915 /* Frameworks */,
				373F6EBE1D2643B6005A4915 /* Resources */,
				5302D5D79D2FE49C1FAA0C99 /* [CP] Embed Pods Frameworks */,
				99823B2347140C7EEAA84517 /* [CP] Copy Pods Resources */,
			);
			buildRules = (
			);
			dependencies = (
			);
			name = ApiApplication;
			productName = ApiApplication;
			productReference = 373F6EC01D2643B6005A4915 /* ApiApplication.app */;
			productType = "com.apple.product-type.application";
		};
		373F6ED31D2643BA005A4915 /* ApiApplicationTests */ = {
			isa = PBXNativeTarget;
			buildConfigurationList = 373F6EEB1D2643BB005A4915 /* Build configuration list for PBXNativeTarget "ApiApplicationTests" */;
			buildPhases = (
				D5993818261EB52A0CF0011F /* [CP] Check Pods Manifest.lock */,
				373F6ED01D2643BA005A4915 /* Sources */,
				373F6ED11D2643BA005A4915 /* Frameworks */,
				373F6ED21D2643BA005A4915 /* Resources */,
				FC1245606225F89BD5884021 /* [CP] Embed Pods Frameworks */,
				94471DC6E7DDBEB4DEAEC10B /* [CP] Copy Pods Resources */,
			);
			buildRules = (
			);
			dependencies = (
				373F6ED61D2643BA005A4915 /* PBXTargetDependency */,
			);
			name = ApiApplicationTests;
			productName = ApiApplicationTests;
			productReference = 373F6ED41D2643BA005A4915 /* ApiApplicationTests.xctest */;
			productType = "com.apple.product-type.bundle.unit-test";
		};
		373F6EDE1D2643BA005A4915 /* ApiApplicationUITests */ = {
			isa = PBXNativeTarget;
			buildConfigurationList = 373F6EEE1D2643BB005A4915 /* Build configuration list for PBXNativeTarget "ApiApplicationUITests" */;
			buildPhases = (
				5A1FABE8FB381D58F0E68159 /* [CP] Check Pods Manifest.lock */,
				373F6EDB1D2643BA005A4915 /* Sources */,
				373F6EDC1D2643BA005A4915 /* Frameworks */,
				373F6EDD1D2643BA005A4915 /* Resources */,
				5D07BBC877E7FE335E375C0E /* [CP] Copy Pods Resources */,
			);
			buildRules = (
			);
			dependencies = (
				373F6EE11D2643BA005A4915 /* PBXTargetDependency */,
			);
			name = ApiApplicationUITests;
			productName = ApiApplicationUITests;
			productReference = 373F6EDF1D2643BA005A4915 /* ApiApplicationUITests.xctest */;
			productType = "com.apple.product-type.bundle.ui-testing";
		};
/* End PBXNativeTarget section */

/* Begin PBXProject section */
		373F6EB81D2643B5005A4915 /* Project object */ = {
			isa = PBXProject;
			attributes = {
				LastSwiftUpdateCheck = 0730;
				LastUpgradeCheck = 0730;
				ORGANIZATIONNAME = kvanaMini1;
				TargetAttributes = {
					373F6EBF1D2643B6005A4915 = {
						CreatedOnToolsVersion = 7.3.1;
					};
					373F6ED31D2643BA005A4915 = {
						CreatedOnToolsVersion = 7.3.1;
						TestTargetID = 373F6EBF1D2643B6005A4915;
					};
					373F6EDE1D2643BA005A4915 = {
						CreatedOnToolsVersion = 7.3.1;
						TestTargetID = 373F6EBF1D2643B6005A4915;
					};
				};
			};
			buildConfigurationList = 373F6EBB1D2643B5005A4915 /* Build configuration list for PBXProject "ApiApplication" */;
			compatibilityVersion = "Xcode 3.2";
			developmentRegion = English;
			hasScannedForEncodings = 0;
			knownRegions = (
				en,
				Base,
			);
			mainGroup = 373F6EB71D2643B5005A4915;
			productRefGroup = 373F6EC11D2643B6005A4915 /* Products */;
			projectDirPath = "";
			projectRoot = "";
			targets = (
				373F6EBF1D2643B6005A4915 /* ApiApplication */,
				373F6ED31D2643BA005A4915 /* ApiApplicationTests */,
				373F6EDE1D2643BA005A4915 /* ApiApplicationUITests */,
			);
		};
/* End PBXProject section */

/* Begin PBXResourcesBuildPhase section */
		373F6EBE1D2643B6005A4915 /* Resources */ = {
			isa = PBXResourcesBuildPhase;
			buildActionMask = 2147483647;
			files = (
				373F6ECE1D2643B9005A4915 /* LaunchScreen.storyboard in Resources */,
				373F6ECB1D2643B9005A4915 /* Assets.xcassets in Resources */,
				373F6EC91D2643B8005A4915 /* Main.storyboard in Resources */,
			);
			runOnlyForDeploymentPostprocessing = 0;
		};
		373F6ED21D2643BA005A4915 /* Resources */ = {
			isa = PBXResourcesBuildPhase;
			buildActionMask = 2147483647;
			files = (
			);
			runOnlyForDeploymentPostprocessing = 0;
		};
		373F6EDD1D2643BA005A4915 /* Resources */ = {
			isa = PBXResourcesBuildPhase;
			buildActionMask = 2147483647;
			files = (
			);
			runOnlyForDeploymentPostprocessing = 0;
		};
/* End PBXResourcesBuildPhase section */

/* Begin PBXShellScriptBuildPhase section */
		41F23087BAE24C841368987F /* [CP] Check Pods Manifest.lock */ = {
			isa = PBXShellScriptBuildPhase;
			buildActionMask = 2147483647;
			files = (
			);
			inputPaths = (
			);
			name = "[CP] Check Pods Manifest.lock";
			outputPaths = (
			);
			runOnlyForDeploymentPostprocessing = 0;
			shellPath = /bin/sh;
			shellScript = "diff \"${PODS_ROOT}/../Podfile.lock\" \"${PODS_ROOT}/Manifest.lock\" > /dev/null\nif [[ $? != 0 ]] ; then\n    cat << EOM\nerror: The sandbox is not in sync with the Podfile.lock. Run 'pod install' or update your CocoaPods installation.\nEOM\n    exit 1\nfi\n";
			showEnvVarsInLog = 0;
		};
		5302D5D79D2FE49C1FAA0C99 /* [CP] Embed Pods Frameworks */ = {
			isa = PBXShellScriptBuildPhase;
			buildActionMask = 2147483647;
			files = (
			);
			inputPaths = (
			);
			name = "[CP] Embed Pods Frameworks";
			outputPaths = (
			);
			runOnlyForDeploymentPostprocessing = 0;
			shellPath = /bin/sh;
			shellScript = "\"${SRCROOT}/Pods/Target Support Files/Pods-ApiApplication/Pods-ApiApplication-frameworks.sh\"\n";
			showEnvVarsInLog = 0;
		};
		5A1FABE8FB381D58F0E68159 /* [CP] Check Pods Manifest.lock */ = {
			isa = PBXShellScriptBuildPhase;
			buildActionMask = 2147483647;
			files = (
			);
			inputPaths = (
			);
			name = "[CP] Check Pods Manifest.lock";
			outputPaths = (
			);
			runOnlyForDeploymentPostprocessing = 0;
			shellPath = /bin/sh;
			shellScript = "diff \"${PODS_ROOT}/../Podfile.lock\" \"${PODS_ROOT}/Manifest.lock\" > /dev/null\nif [[ $? != 0 ]] ; then\n    cat << EOM\nerror: The sandbox is not in sync with the Podfile.lock. Run 'pod install' or update your CocoaPods installation.\nEOM\n    exit 1\nfi\n";
			showEnvVarsInLog = 0;
		};
		5D07BBC877E7FE335E375C0E /* [CP] Copy Pods Resources */ = {
			isa = PBXShellScriptBuildPhase;
			buildActionMask = 2147483647;
			files = (
			);
			inputPaths = (
			);
			name = "[CP] Copy Pods Resources";
			outputPaths = (
			);
			runOnlyForDeploymentPostprocessing = 0;
			shellPath = /bin/sh;
			shellScript = "\"${SRCROOT}/Pods/Target Support Files/Pods-ApiApplicationUITests/Pods-ApiApplicationUITests-resources.sh\"\n";
			showEnvVarsInLog = 0;
		};
		94471DC6E7DDBEB4DEAEC10B /* [CP] Copy Pods Resources */ = {
			isa = PBXShellScriptBuildPhase;
			buildActionMask = 2147483647;
			files = (
			);
			inputPaths = (
			);
			name = "[CP] Copy Pods Resources";
			outputPaths = (
			);
			runOnlyForDeploymentPostprocessing = 0;
			shellPath = /bin/sh;
			shellScript = "\"${SRCROOT}/Pods/Target Support Files/Pods-ApiApplicationTests/Pods-ApiApplicationTests-resources.sh\"\n";
			showEnvVarsInLog = 0;
		};
		99823B2347140C7EEAA84517 /* [CP] Copy Pods Resources */ = {
			isa = PBXShellScriptBuildPhase;
			buildActionMask = 2147483647;
			files = (
			);
			inputPaths = (
			);
			name = "[CP] Copy Pods Resources";
			outputPaths = (
			);
			runOnlyForDeploymentPostprocessing = 0;
			shellPath = /bin/sh;
			shellScript = "\"${SRCROOT}/Pods/Target Support Files/Pods-ApiApplication/Pods-ApiApplication-resources.sh\"\n";
			showEnvVarsInLog = 0;
		};
		D5993818261EB52A0CF0011F /* [CP] Check Pods Manifest.lock */ = {
			isa = PBXShellScriptBuildPhase;
			buildActionMask = 2147483647;
			files = (
			);
			inputPaths = (
			);
			name = "[CP] Check Pods Manifest.lock";
			outputPaths = (
			);
			runOnlyForDeploymentPostprocessing = 0;
			shellPath = /bin/sh;
			shellScript = "diff \"${PODS_ROOT}/../Podfile.lock\" \"${PODS_ROOT}/Manifest.lock\" > /dev/null\nif [[ $? != 0 ]] ; then\n    cat << EOM\nerror: The sandbox is not in sync with the Podfile.lock. Run 'pod install' or update your CocoaPods installation.\nEOM\n    exit 1\nfi\n";
			showEnvVarsInLog = 0;
		};
		FC1245606225F89BD5884021 /* [CP] Embed Pods Frameworks */ = {
			isa = PBXShellScriptBuildPhase;
			buildActionMask = 2147483647;
			files = (
			);
			inputPaths = (
			);
			name = "[CP] Embed Pods Frameworks";
			outputPaths = (
			);
			runOnlyForDeploymentPostprocessing = 0;
			shellPath = /bin/sh;
			shellScript = "\"${SRCROOT}/Pods/Target Support Files/Pods-ApiApplicationTests/Pods-ApiApplicationTests-frameworks.sh\"\n";
			showEnvVarsInLog = 0;
		};
/* End PBXShellScriptBuildPhase section */

/* Begin PBXSourcesBuildPhase section */
		373F6EBC1D2643B6005A4915 /* Sources */ = {
			isa = PBXSourcesBuildPhase;
			buildActionMask = 2147483647;
			files = (
				37751A261D2A8A26008FF61C /* RootClass.swift in Sources */,
				373F6EC61D2643B7005A4915 /* ViewController.swift in Sources */,
				37751A241D2A8491008FF61C /* CustomCell.swift in Sources */,
				373F6EC41D2643B7005A4915 /* AppDelegate.swift in Sources */,
			);
			runOnlyForDeploymentPostprocessing = 0;
		};
		373F6ED01D2643BA005A4915 /* Sources */ = {
			isa = PBXSourcesBuildPhase;
			buildActionMask = 2147483647;
			files = (
				373F6ED91D2643BA005A4915 /* ApiApplicationTests.swift in Sources */,
			);
			runOnlyForDeploymentPostprocessing = 0;
		};
		373F6EDB1D2643BA005A4915 /* Sources */ = {
			isa = PBXSourcesBuildPhase;
			buildActionMask = 2147483647;
			files = (
				373F6EE41D2643BB005A4915 /* ApiApplicationUITests.swift in Sources */,
			);
			runOnlyForDeploymentPostprocessing = 0;
		};
/* End PBXSourcesBuildPhase section */

/* Begin PBXTargetDependency section */
		373F6ED61D2643BA005A4915 /* PBXTargetDependency */ = {
			isa = PBXTargetDependency;
			target = 373F6EBF1D2643B6005A4915 /* ApiApplication */;
			targetProxy = 373F6ED51D2643BA005A4915 /* PBXContainerItemProxy */;
		};
		373F6EE11D2643BA005A4915 /* PBXTargetDependency */ = {
			isa = PBXTargetDependency;
			target = 373F6EBF1D2643B6005A4915 /* ApiApplication */;
			targetProxy = 373F6EE01D2643BA005A4915 /* PBXContainerItemProxy */;
		};
/* End PBXTargetDependency section */

/* Begin PBXVariantGroup section */
		373F6EC71D2643B8005A4915 /* Main.storyboard */ = {
			isa = PBXVariantGroup;
			children = (
				373F6EC81D2643B8005A4915 /* Base */,
			);
			name = Main.storyboard;
			sourceTree = "<group>";
		};
		373F6ECC1D2643B9005A4915 /* LaunchScreen.storyboard */ = {
			isa = PBXVariantGroup;
			children = (
				373F6ECD1D2643B9005A4915 /* Base */,
			);
			name = LaunchScreen.storyboard;
			sourceTree = "<group>";
		};
/* End PBXVariantGroup section */

/* Begin XCBuildConfiguration section */
		373F6EE61D2643BB005A4915 /* Debug */ = {
			isa = XCBuildConfiguration;
			buildSettings = {
				ALWAYS_SEARCH_USER_PATHS = NO;
				CLANG_ANALYZER_NONNULL = YES;
				CLANG_CXX_LANGUAGE_STANDARD = "gnu++0x";
				CLANG_CXX_LIBRARY = "libc++";
				CLANG_ENABLE_MODULES = YES;
				CLANG_ENABLE_OBJC_ARC = YES;
				CLANG_WARN_BOOL_CONVERSION = YES;
				CLANG_WARN_CONSTANT_CONVERSION = YES;
				CLANG_WARN_DIRECT_OBJC_ISA_USAGE = YES_ERROR;
				CLANG_WARN_EMPTY_BODY = YES;
				CLANG_WARN_ENUM_CONVERSION = YES;
				CLANG_WARN_INT_CONVERSION = YES;
				CLANG_WARN_OBJC_ROOT_CLASS = YES_ERROR;
				CLANG_WARN_UNREACHABLE_CODE = YES;
				CLANG_WARN__DUPLICATE_METHOD_MATCH = YES;
				"CODE_SIGN_IDENTITY[sdk=iphoneos*]" = "iPhone Developer";
				COPY_PHASE_STRIP = NO;
				DEBUG_INFORMATION_FORMAT = dwarf;
				ENABLE_STRICT_OBJC_MSGSEND = YES;
				ENABLE_TESTABILITY = YES;
				GCC_C_LANGUAGE_STANDARD = gnu99;
				GCC_DYNAMIC_NO_PIC = NO;
				GCC_NO_COMMON_BLOCKS = YES;
				GCC_OPTIMIZATION_LEVEL = 0;
				GCC_PREPROCESSOR_DEFINITIONS = (
					"DEBUG=1",
					"$(inherited)",
				);
				GCC_WARN_64_TO_32_BIT_CONVERSION = YES;
				GCC_WARN_ABOUT_RETURN_TYPE = YES_ERROR;
				GCC_WARN_UNDECLARED_SELECTOR = YES;
				GCC_WARN_UNINITIALIZED_AUTOS = YES_AGGRESSIVE;
				GCC_WARN_UNUSED_FUNCTION = YES;
				GCC_WARN_UNUSED_VARIABLE = YES;
				IPHONEOS_DEPLOYMENT_TARGET = 9.3;
				MTL_ENABLE_DEBUG_INFO = YES;
				ONLY_ACTIVE_ARCH = YES;
				SDKROOT = iphoneos;
				SWIFT_OPTIMIZATION_LEVEL = "-Onone";
				TARGETED_DEVICE_FAMILY = "1,2";
			};
			name = Debug;
		};
		373F6EE71D2643BB005A4915 /* Release */ = {
			isa = XCBuildConfiguration;
			buildSettings = {
				ALWAYS_SEARCH_USER_PATHS = NO;
				CLANG_ANALYZER_NONNULL = YES;
				CLANG_CXX_LANGUAGE_STANDARD = "gnu++0x";
				CLANG_CXX_LIBRARY = "libc++";
				CLANG_ENABLE_MODULES = YES;
				CLANG_ENABLE_OBJC_ARC = YES;
				CLANG_WARN_BOOL_CONVERSION = YES;
				CLANG_WARN_CONSTANT_CONVERSION = YES;
				CLANG_WARN_DIRECT_OBJC_ISA_USAGE = YES_ERROR;
				CLANG_WARN_EMPTY_BODY = YES;
				CLANG_WARN_ENUM_CONVERSION = YES;
				CLANG_WARN_INT_CONVERSION = YES;
				CLANG_WARN_OBJC_ROOT_CLASS = YES_ERROR;
				CLANG_WARN_UNREACHABLE_CODE = YES;
				CLANG_WARN__DUPLICATE_METHOD_MATCH = YES;
				"CODE_SIGN_IDENTITY[sdk=iphoneos*]" = "iPhone Developer";
				COPY_PHASE_STRIP = NO;
				DEBUG_INFORMATION_FORMAT = "dwarf-with-dsym";
				ENABLE_NS_ASSERTIONS = NO;
				ENABLE_STRICT_OBJC_MSGSEND = YES;
				GCC_C_LANGUAGE_STANDARD = gnu99;
				GCC_NO_COMMON_BLOCKS = YES;
				GCC_WARN_64_TO_32_BIT_CONVERSION = YES;
				GCC_WARN_ABOUT_RETURN_TYPE = YES_ERROR;
				GCC_WARN_UNDECLARED_SELECTOR = YES;
				GCC_WARN_UNINITIALIZED_AUTOS = YES_AGGRESSIVE;
				GCC_WARN_UNUSED_FUNCTION = YES;
				GCC_WARN_UNUSED_VARIABLE = YES;
				IPHONEOS_DEPLOYMENT_TARGET = 9.3;
				MTL_ENABLE_DEBUG_INFO = NO;
				SDKROOT = iphoneos;
				TARGETED_DEVICE_FAMILY = "1,2";
				VALIDATE_PRODUCT = YES;
			};
			name = Release;
		};
		373F6EE91D2643BB005A4915 /* Debug */ = {
			isa = XCBuildConfiguration;
			baseConfigurationReference = 8C934FB0369E940B2DB51228 /* Pods-ApiApplication.debug.xcconfig */;
			buildSettings = {
				ASSETCATALOG_COMPILER_APPICON_NAME = AppIcon;
				INFOPLIST_FILE = ApiApplication/Info.plist;
				LD_RUNPATH_SEARCH_PATHS = "$(inherited) @executable_path/Frameworks";
				PRODUCT_BUNDLE_IDENTIFIER = com.kvana.ApiApplication;
				PRODUCT_NAME = "$(TARGET_NAME)";
			};
			name = Debug;
		};
		373F6EEA1D2643BB005A4915 /* Release */ = {
			isa = XCBuildConfiguration;
			baseConfigurationReference = AACAE821C795220B6D243C67 /* Pods-ApiApplication.release.xcconfig */;
			buildSettings = {
				ASSETCATALOG_COMPILER_APPICON_NAME = AppIcon;
				INFOPLIST_FILE = ApiApplication/Info.plist;
				LD_RUNPATH_SEARCH_PATHS = "$(inherited) @executable_path/Frameworks";
				PRODUCT_BUNDLE_IDENTIFIER = com.kvana.ApiApplication;
				PRODUCT_NAME = "$(TARGET_NAME)";
			};
			name = Release;
		};
		373F6EEC1D2643BB005A4915 /* Debug */ = {
			isa = XCBuildConfiguration;
			baseConfigurationReference = F98376570540E6308D7DEE07 /* Pods-ApiApplicationTests.debug.xcconfig */;
			buildSettings = {
				BUNDLE_LOADER = "$(TEST_HOST)";
				INFOPLIST_FILE = ApiApplicationTests/Info.plist;
				LD_RUNPATH_SEARCH_PATHS = "$(inherited) @executable_path/Frameworks @loader_path/Frameworks";
				PRODUCT_BUNDLE_IDENTIFIER = com.kvana.ApiApplicationTests;
				PRODUCT_NAME = "$(TARGET_NAME)";
				TEST_HOST = "$(BUILT_PRODUCTS_DIR)/ApiApplication.app/ApiApplication";
			};
			name = Debug;
		};
		373F6EED1D2643BB005A4915 /* Release */ = {
			isa = XCBuildConfiguration;
			baseConfigurationReference = 7E14CABD29FA105729879C01 /* Pods-ApiApplicationTests.release.xcconfig */;
			buildSettings = {
				BUNDLE_LOADER = "$(TEST_HOST)";
				INFOPLIST_FILE = ApiApplicationTests/Info.plist;
				LD_RUNPATH_SEARCH_PATHS = "$(inherited) @executable_path/Frameworks @loader_path/Frameworks";
				PRODUCT_BUNDLE_IDENTIFIER = com.kvana.ApiApplicationTests;
				PRODUCT_NAME = "$(TARGET_NAME)";
				TEST_HOST = "$(BUILT_PRODUCTS_DIR)/ApiApplication.app/ApiApplication";
			};
			name = Release;
		};
		373F6EEF1D2643BB005A4915 /* Debug */ = {
			isa = XCBuildConfiguration;
			baseConfigurationReference = 8D754170AF0932D6EDE95C04 /* Pods-ApiApplicationUITests.debug.xcconfig */;
			buildSettings = {
				INFOPLIST_FILE = ApiApplicationUITests/Info.plist;
				LD_RUNPATH_SEARCH_PATHS = "$(inherited) @executable_path/Frameworks @loader_path/Frameworks";
				PRODUCT_BUNDLE_IDENTIFIER = com.kvana.ApiApplicationUITests;
				PRODUCT_NAME = "$(TARGET_NAME)";
				TEST_TARGET_NAME = ApiApplication;
			};
			name = Debug;
		};
		373F6EF01D2643BB005A4915 /* Release */ = {
			isa = XCBuildConfiguration;
			baseConfigurationReference = 33687C11C2A2E09359472830 /* Pods-ApiApplicationUITests.release.xcconfig */;
			buildSettings = {
				INFOPLIST_FILE = ApiApplicationUITests/Info.plist;
				LD_RUNPATH_SEARCH_PATHS = "$(inherited) @executable_path/Frameworks @loader_path/Frameworks";
				PRODUCT_BUNDLE_IDENTIFIER = com.kvana.ApiApplicationUITests;
				PRODUCT_NAME = "$(TARGET_NAME)";
				TEST_TARGET_NAME = ApiApplication;
			};
			name = Release;
		};
/* End XCBuildConfiguration section */

/* Begin XCConfigurationList section */
		373F6EBB1D2643B5005A4915 /* Build configuration list for PBXProject "ApiApplication" */ = {
			isa = XCConfigurationList;
			buildConfigurations = (
				373F6EE61D2643BB005A4915 /* Debug */,
				373F6EE71D2643BB005A4915 /* Release */,
			);
			defaultConfigurationIsVisible = 0;
			defaultConfigurationName = Release;
		};
		373F6EE81D2643BB005A4915 /* Build configuration list for PBXNativeTarget "ApiApplication" */ = {
			isa = XCConfigurationList;
			buildConfigurations = (
				373F6EE91D2643BB005A4915 /* Debug */,
				373F6EEA1D2643BB005A4915 /* Release */,
			);
			defaultConfigurationIsVisible = 0;
			defaultConfigurationName = Release;
		};
		373F6EEB1D2643BB005A4915 /* Build configuration list for PBXNativeTarget "ApiApplicationTests" */ = {
			isa = XCConfigurationList;
			buildConfigurations = (
				373F6EEC1D2643BB005A4915 /* Debug */,
				373F6EED1D2643BB005A4915 /* Release */,
			);
			defaultConfigurationIsVisible = 0;
			defaultConfigurationName = Release;
		};
		373F6EEE1D2643BB005A4915 /* Build configuration list for PBXNativeTarget "ApiApplicationUITests" */ = {
			isa = XCConfigurationList;
			buildConfigurations = (
				373F6EEF1D2643BB005A4915 /* Debug */,
				373F6EF01D2643BB005A4915 /* Release */,
			);
			defaultConfigurationIsVisible = 0;
			defaultConfigurationName = Release;
		};
/* End XCConfigurationList section */
	};
	rootObject = 373F6EB81D2643B5005A4915 /* Project object */;
}
